{
  "name": "@syriamart/root",
  "version": "1.0.0",
  "lockfileVersion": 3,
  "requires": true,
  "packages": {
    "": {
      "name": "@syriamart/root",
      "version": "1.0.0",
      "devDependencies": {
        "@commitlint/cli": "^18.4.3",
        "@commitlint/config-conventional": "^18.4.3",
        "husky": "^8.0.3",
        "lint-staged": "^15.2.0"
      }
    },
    "node_modules/@commitlint/cli": {
      "version": "18.4.3",
      "resolved": "https://registry.npmjs.org/@commitlint/cli/-/cli-18.4.3.tgz",
      "integrity": "sha512-P+kvONlfsuTMnxSwWE1H+ZcPMY3STFaHb2kAacsqoIkNx66O0T7sTpBxpxkMrFPyhkJiLJnJWMhk4bbvYD3BMA==",
      "dev": true,
      "dependencies": {
        "@commitlint/format": "^18.4.3",
        "@commitlint/lint": "^18.4.3",
        "@commitlint/load": "^18.4.3",
        "@commitlint/read": "^18.4.3",
        "@commitlint/types": "^18.4.3",
        "execa": "^5.0.0",
        "lodash.isfunction": "^3.0.9",
        "resolve-from": "5.0.0",
        "resolve-global": "1.0.0",
        "yargs": "^17.0.0"
      },
      "bin": {
        "commitlint": "cli.js"
      },
      "engines": {
        "node": ">=v18"
      }
    },
    "node_modules/@commitlint/config-conventional": {
      "version": "18.4.3",
      "resolved": "https://registry.npmjs.org/@commitlint/config-conventional/-/config-conventional-18.4.3.tgz",
      "integrity": "sha512-729eRRaNta7JZF07qf6SAGSghoDEp9mH7yHU0m7ff0q89W97wDrWCyZ3yoV3mcQJwbhlmVmZPTkPcm7qiAu8WA==",
      "dev": true,
      "dependencies": {
        "conventional-changelog-conventionalcommits": "^7.0.2"
      },
      "engines": {
        "node": ">=v18"
      }
    },
    "node_modules/@commitlint/format": {
      "version": "18.4.3",
      "resolved": "https://registry.npmjs.org/@commitlint/format/-/format-18.4.3.tgz",
      "integrity": "sha512-8hhlAwNDlmz1NwgLr3hljzHhwNt65xOoZiZiR5l0n8R8IFbEj+VO8sqGJRT1/PwJO5mPq0SxJQgJWuSUULbnFg==",
      "dev": true,
      "dependencies": {
        "@commitlint/types": "^18.4.3",
        "chalk": "^4.1.0"
      },
      "engines": {
        "node": ">=v18"
      }
    },
    "node_modules/@commitlint/lint": {
      "version": "18.4.3",
      "resolved": "https://registry.npmjs.org/@commitlint/lint/-/lint-18.4.3.tgz",
      "integrity": "sha512-fBlH8jajVDNxrOEm3szaETQyqOk406StUYYL/5CMKDcDGgSlKdDDgilYzN86XU4hgQD2eZHZClCI0DZjQvOMqg==",
      "dev": true,
      "dependencies": {
        "@commitlint/is-ignored": "^18.4.3",
        "@commitlint/parse": "^18.4.3",
        "@commitlint/rules": "^18.4.3",
        "@commitlint/types": "^18.4.3"
      },
      "engines": {
        "node": ">=v18"
      }
    },
    "node_modules/@commitlint/load": {
      "version": "18.4.3",
      "resolved": "https://registry.npmjs.org/@commitlint/load/-/load-18.4.3.tgz",
      "integrity": "sha512-v6j2WhvRQJrcJaj5D+EyES2WKTxPpxENlLnOSpNBfmfByRhDmuglC+J2l89OagOKClZHc8X3isaFly0Y0HcqEQ==",
      "dev": true,
      "dependencies": {
        "@commitlint/config-validator": "^18.4.3",
        "@commitlint/execute-rule": "^18.4.3",
        "@commitlint/resolve-extends": "^18.4.3",
        "@commitlint/types": "^18.4.3",
        "@types/node": "^18.11.9",
        "chalk": "^4.1.0",
        "cosmiconfig": "^8.0.0",
        "cosmiconfig-typescript-loader": "^5.0.0",
        "lodash.isplainobject": "^4.0.6",
        "lodash.merge": "^4.6.2",
        "lodash.uniq": "^4.5.0",
        "resolve-from": "^5.0.0"
      },
      "engines": {
        "node": ">=v18"
      }
    },
    "node_modules/@commitlint/is-ignored": {
      "version": "18.4.3",
      "resolved": "https://registry.npmjs.org/@commitlint/is-ignored/-/is-ignored-18.4.3.tgz",
      "dev": true,
      "dependencies": {
        "@commitlint/types": "^18.4.3",
        "semver": "7.5.4"
      },
      "engines": {
        "node": ">=v18"
      }
    },
    "node_modules/@commitlint/parse": {
      "version": "18.4.3",
      "resolved": "https://registry.npmjs.org/@commitlint/parse/-/parse-18.4.3.tgz",
      "dev": true,
      "dependencies": {
        "@commitlint/types": "^18.4.3",
        "conventional-changelog-angular": "^7.0.0",
        "conventional-commits-parser": "^5.0.0"
      },
      "engines": {
        "node": ">=v18"
      }
    },
    "node_modules/@commitlint/read": {
      "version": "18.4.3",
      "resolved": "https://registry.npmjs.org/@commitlint/read/-/read-18.4.3.tgz",
      "dev": true,
      "dependencies": {
        "@commitlint/top-level": "^18.4.3",
        "@commitlint/types": "^18.4.3",
        "fs-extra": "^11.0.0",
        "git-raw-commits": "^2.0.11",
        "minimist": "^1.2.6"
      },
      "engines": {
        "node": ">=v18"
      }
    },
    "node_modules/@commitlint/rules": {
      "version": "18.4.3",
      "resolved": "https://registry.npmjs.org/@commitlint/rules/-/rules-18.4.3.tgz",
      "dev": true,
      "dependencies": {
        "@commitlint/ensure": "^18.4.3",
        "@commitlint/message": "^18.4.3",
        "@commitlint/to-lines": "^18.4.3",
        "@commitlint/types": "^18.4.3",
        "execa": "^5.0.0"
      },
      "engines": {
        "node": ">=v18"
      }
    },
    "node_modules/@commitlint/types": {
      "version": "18.4.3",
      "resolved": "https://registry.npmjs.org/@commitlint/types/-/types-18.4.3.tgz",
      "dev": true,
      "dependencies": {
        "chalk": "^4.1.0"
      },
      "engines": {
        "node": ">=v18"
      }
    },
    "node_modules/@commitlint/config-validator": {
      "version": "18.4.3",
      "resolved": "https://registry.npmjs.org/@commitlint/config-validator/-/config-validator-18.4.3.tgz",
      "dev": true,
      "dependencies": {
        "@commitlint/types": "^18.4.3",
        "ajv": "^8.11.0"
      },
      "engines": {
        "node": ">=v18"
      }
    },
    "node_modules/@commitlint/execute-rule": {
      "version": "18.4.3",
      "resolved": "https://registry.npmjs.org/@commitlint/execute-rule/-/execute-rule-18.4.3.tgz",
      "dev": true,
      "engines": {
        "node": ">=v18"
      }
    },
    "node_modules/@commitlint/resolve-extends": {
      "version": "18.4.3",
      "resolved": "https://registry.npmjs.org/@commitlint/resolve-extends/-/resolve-extends-18.4.3.tgz",
      "dev": true,
      "dependencies": {
        "@commitlint/config-validator": "^18.4.3",
        "@commitlint/types": "^18.4.3",
        "import-fresh": "^3.0.0",
        "lodash.mergewith": "^4.6.2",
        "resolve-from": "^5.0.0",
        "resolve-global": "^1.0.0"
      },
      "engines": {
        "node": ">=v18"
      }
    },
    "node_modules/@commitlint/ensure": {
      "version": "18.4.3",
      "resolved": "https://registry.npmjs.org/@commitlint/ensure/-/ensure-18.4.3.tgz",
      "dev": true,
      "dependencies": {
        "@commitlint/types": "^18.4.3",
        "lodash.camelcase": "^4.3.0",
        "lodash.kebabcase": "^4.1.1",
        "lodash.snakecase": "^4.1.1",
        "lodash.startcase": "^4.4.0",
        "lodash.upperfirst": "^4.3.1"
      },
      "engines": {
        "node": ">=v18"
      }
    },
    "node_modules/@commitlint/message": {
      "version": "18.4.3",
      "resolved": "https://registry.npmjs.org/@commitlint/message/-/message-18.4.3.tgz",
      "dev": true,
      "engines": {
        "node": ">=v18"
      }
    },
    "node_modules/@commitlint/to-lines": {
      "version": "18.4.3",
      "resolved": "https://registry.npmjs.org/@commitlint/to-lines/-/to-lines-18.4.3.tgz",
      "dev": true,
      "engines": {
        "node": ">=v18"
      }
    },
    "node_modules/@commitlint/top-level": {
      "version": "18.4.3",
      "resolved": "https://registry.npmjs.org/@commitlint/top-level/-/top-level-18.4.3.tgz",
      "dev": true,
      "dependencies": {
        "find-up": "^5.0.0"
      },
      "engines": {
        "node": ">=v18"
      }
    },
    "node_modules/husky": {
      "version": "8.0.3",
      "resolved": "https://registry.npmjs.org/husky/-/husky-8.0.3.tgz",
      "integrity": "sha512-+dQSyqPh4x1hlO1swXBiNb2HzTDN1I2IGLQx1GrBuiqFJfoMrnZWwVmatvSiO+Iz8fBUnf+lekwNo4c2LlXItg==",
      "dev": true,
      "bin": {
        "husky": "lib/bin.js"
      },
      "engines": {
        "node": ">=14"
      },
      "funding": {
        "url": "https://github.com/sponsors/typicode"
      }
    },
    "node_modules/lint-staged": {
      "version": "15.2.0",
      "resolved": "https://registry.npmjs.org/lint-staged/-/lint-staged-15.2.0.tgz",
      "integrity": "sha512-TFZzUEV00f+2YLaVPWBWGAMq7So6yQx+GG8YRMDeOEIf95Zn5RyiLMsEiX4KTNl9vq/w+NqRJkLA1kPIo15ufQ==",
      "dev": true,
      "dependencies": {
        "chalk": "5.3.0",
        "commander": "11.1.0",
        "debug": "4.3.4",
        "execa": "8.0.1",
        "lilconfig": "3.0.0",
        "listr2": "8.0.1",
        "micromatch": "4.0.5",
        "pidtree": "0.6.0",
        "string-argv": "0.3.2",
        "yaml": "2.3.4"
      },
      "bin": {
        "lint-staged": "bin/lint-staged.js"
      },
      "engines": {
        "node": ">=18.12.0"
      },
      "funding": {
        "url": "https://opencollective.com/lint-staged"
      }
    },
    "node_modules/chalk": {
      "version": "4.1.2",
      "resolved": "https://registry.npmjs.org/chalk/-/chalk-4.1.2.tgz",
      "dev": true,
      "dependencies": {
        "ansi-styles": "^4.1.0",
        "supports-color": "^7.1.0"
      },
      "engines": {
        "node": ">=10"
      }
    },
    "node_modules/lint-staged/node_modules/chalk": {
      "version": "5.3.0",
      "resolved": "https://registry.npmjs.org/chalk/-/chalk-5.3.0.tgz",
      "dev": true,
      "engines": {
        "node": "^12.17.0 || ^14.13 || >=16.0.0"
      }
    },
    "node_modules/execa": {
      "version": "5.1.1",
      "resolved": "https://registry.npmjs.org/execa/-/execa-5.1.1.tgz",
      "dev": true,
      "dependencies": {
        "cross-spawn": "^7.0.3",
        "get-stream": "^6.0.0",
        "human-signals": "^2.1.0",
        "is-stream": "^2.0.0",
        "merge-stream": "^2.0.0",
        "npm-run-path": "^4.0.1",
        "onetime": "^5.1.2",
        "signal-exit": "^3.0.3",
        "strip-final-newline": "^2.0.0"
      },
      "engines": {
        "node": ">=10"
      }
    },
    "node_modules/lint-staged/node_modules/execa": {
      "version": "8.0.1",
      "resolved": "https://registry.npmjs.org/execa/-/execa-8.0.1.tgz",
      "dev": true,
      "dependencies": {
        "cross-spawn": "^7.0.3",
        "get-stream": "^8.0.1",
        "human-signals": "^5.0.0",
        "is-stream": "^3.0.0",
        "merge-stream": "^2.0.0",
        "npm-run-path": "^5.1.0",
        "onetime": "^6.0.0",
        "signal-exit": "^4.1.0",
        "strip-final-newline": "^3.0.0"
      },
      "engines": {
        "node": ">=16.17"
      }
    },
    "node_modules/resolve-from": {
      "version": "5.0.0",
      "resolved": "https://registry.npmjs.org/resolve-from/-/resolve-from-5.0.0.tgz",
      "dev": true,
      "engines": {
        "node": ">=8"
      }
    },
    "node_modules/resolve-global": {
      "version": "1.0.0",
      "resolved": "https://registry.npmjs.org/resolve-global/-/resolve-global-1.0.0.tgz",
      "dev": true,
      "dependencies": {
        "global-dirs": "^0.1.1"
      },
      "engines": {
        "node": ">=8"
      }
    },
    "node_modules/cosmiconfig": {
      "version": "8.3.6",
      "resolved": "https://registry.npmjs.org/cosmiconfig/-/cosmiconfig-8.3.6.tgz",
      "dev": true,
      "dependencies": {
        "import-fresh": "^3.3.0",
        "js-yaml": "^4.1.0",
        "parse-json": "^5.2.0",
        "path-type": "^4.0.0"
      },
      "engines": {
        "node": ">=14"
      }
    },
    "node_modules/cosmiconfig-typescript-loader": {
      "version": "5.0.0",
      "resolved": "https://registry.npmjs.org/cosmiconfig-typescript-loader/-/cosmiconfig-typescript-loader-5.0.0.tgz",
      "dev": true,
      "dependencies": {
        "jiti": "^1.19.1"
      },
      "engines": {
        "node": ">=v16"
      },
      "peerDependencies": {
        "@types/node": "*",
        "cosmiconfig": ">=8.2",
        "typescript": ">=4"
      }
    },
    "node_modules/semver": {
      "version": "7.5.4",
      "resolved": "https://registry.npmjs.org/semver/-/semver-7.5.4.tgz",
      "dev": true,
      "dependencies": {
        "lru-cache": "^6.0.0"
      },
      "bin": {
        "semver": "bin/semver.js"
      },
      "engines": {
        "node": ">=10"
      }
    },
    "node_modules/find-up": {
      "version": "5.0.0",
      "resolved": "https://registry.npmjs.org/find-up/-/find-up-5.0.0.tgz",
      "dev": true,
      "dependencies": {
        "locate-path": "^6.0.0",
        "path-exists": "^4.0.0"
      },
      "engines": {
        "node": ">=10"
      }
    },
    "node_modules/ajv": {
      "version": "8.12.0",
      "resolved": "https://registry.npmjs.org/ajv/-/ajv-8.12.0.tgz",
      "dev": true,
      "dependencies": {
        "fast-deep-equal": "^3.1.1",
        "json-schema-traverse": "^1.0.0",
        "require-from-string": "^2.0.2",
        "uri-js": "^4.2.2"
      }
    },
    "node_modules/conventional-changelog-conventionalcommits": {
      "version": "7.0.2",
      "resolved": "https://registry.npmjs.org/conventional-changelog-conventionalcommits/-/conventional-changelog-conventionalcommits-7.0.2.tgz",
      "dev": true,
      "dependencies": {
        "compare-func": "^2.0.0"
      },
      "engines": {
        "node": ">=16"
      }
    },
    "node_modules/conventional-changelog-angular": {
      "version": "7.0.0",
      "resolved": "https://registry.npmjs.org/conventional-changelog-angular/-/conventional-changelog-angular-7.0.0.tgz",
      "dev": true,
      "dependencies": {
        "compare-func": "^2.0.0"
      },
      "engines": {
        "node": ">=16"
      }
    },
    "node_modules/conventional-commits-parser": {
      "version": "5.0.0",
      "resolved": "https://registry.npmjs.org/conventional-commits-parser/-/conventional-commits-parser-5.0.0.tgz",
      "dev": true,
      "dependencies": {
        "is-text-path": "^2.0.0",
        "JSONStream": "^1.3.5",
        "meow": "^12.0.1",
        "split2": "^4.0.0"
      },
      "bin": {
        "conventional-commits-parser": "cli.mjs"
      },
      "engines": {
        "node": ">=16"
      }
    },
    "node_modules/yargs": {
      "version": "17.7.2",
      "resolved": "https://registry.npmjs.org/yargs/-/yargs-17.7.2.tgz",
      "dev": true,
      "dependencies": {
        "cliui": "^8.0.1",
        "escalade": "^3.1.1",
        "get-caller-file": "^2.0.5",
        "require-directory": "^2.1.1",
        "string-width": "^4.2.3",
        "y18n": "^5.0.5",
        "yargs-parser": "^21.1.1"
      },
      "engines": {
        "node": ">=12"
      }
    },
    "node_modules/@types/node": {
      "version": "18.19.3",
      "resolved": "https://registry.npmjs.org/@types/node/-/node-18.19.3.tgz",
      "dev": true,
      "dependencies": {
        "undici-types": "~5.26.4"
      }
    },
    "node_modules/ansi-styles": {
      "version": "4.3.0",
      "resolved": "https://registry.npmjs.org/ansi-styles/-/ansi-styles-4.3.0.tgz",
      "dev": true,
      "dependencies": {
        "color-convert": "^2.0.1"
      },
      "engines": {
        "node": ">=8"
      }
    },
    "node_modules/supports-color": {
      "version": "7.2.0",
      "resolved": "https://registry.npmjs.org/supports-color/-/supports-color-7.2.0.tgz",
      "dev": true,
      "dependencies": {
        "has-flag": "^4.0.0"
      },
      "engines": {
        "node": ">=8"
      }
    },
    "node_modules/lodash.isfunction": {
      "version": "3.0.9",
      "resolved": "https://registry.npmjs.org/lodash.isfunction/-/lodash.isfunction-3.0.9.tgz",
      "dev": true
    },
    "node_modules/lodash.isplainobject": {
      "version": "4.0.6",
      "resolved": "https://registry.npmjs.org/lodash.isplainobject/-/lodash.isplainobject-4.0.6.tgz",
      "dev": true
    },
    "node_modules/lodash.merge": {
      "version": "4.6.2",
      "resolved": "https://registry.npmjs.org/lodash.merge/-/lodash.merge-4.6.2.tgz",
      "dev": true
    },
    "node_modules/lodash.uniq": {
      "version": "4.5.0",
      "resolved": "https://registry.npmjs.org/lodash.uniq/-/lodash.uniq-4.5.0.tgz",
      "dev": true
    },
    "node_modules/lodash.mergewith": {
      "version": "4.6.2",
      "resolved": "https://registry.npmjs.org/lodash.mergewith/-/lodash.mergewith-4.6.2.tgz",
      "dev": true
    },
    "node_modules/lodash.camelcase": {
      "version": "4.3.0",
      "resolved": "https://registry.npmjs.org/lodash.camelcase/-/lodash.camelcase-4.3.0.tgz",
      "dev": true
    },
    "node_modules/lodash.kebabcase": {
      "version": "4.1.1",
      "resolved": "https://registry.npmjs.org/lodash.kebabcase/-/lodash.kebabcase-4.1.1.tgz",
      "dev": true
    },
    "node_modules/lodash.snakecase": {
      "version": "4.1.1",
      "resolved": "https://registry.npmjs.org/lodash.snakecase/-/lodash.snakecase-4.1.1.tgz",
      "dev": true
    },
    "node_modules/lodash.startcase": {
      "version": "4.4.0",
      "resolved": "https://registry.npmjs.org/lodash.startcase/-/lodash.startcase-4.4.0.tgz",
      "dev": true
    },
    "node_modules/lodash.upperfirst": {
      "version": "4.3.1",
      "resolved": "https://registry.npmjs.org/lodash.upperfirst/-/lodash.upperfirst-4.3.1.tgz",
      "dev": true
    },
    "node_modules/cross-spawn": {
      "version": "7.0.3",
      "resolved": "https://registry.npmjs.org/cross-spawn/-/cross-spawn-7.0.3.tgz",
      "dev": true,
      "dependencies": {
        "path-key": "^3.1.0",
        "shebang-command": "^2.0.0",
        "which": "^2.0.1"
      },
      "engines": {
        "node": ">= 8"
      }
    },
    "node_modules/path-key": {
      "version": "3.1.1",
      "resolved": "https://registry.npmjs.org/path-key/-/path-key-3.1.1.tgz",
      "dev": true,
      "engines": {
        "node": ">=8"
      }
    },
    "node_modules/shebang-command": {
      "version": "2.0.0",
      "resolved": "https://registry.npmjs.org/shebang-command/-/shebang-command-2.0.0.tgz",
      "dev": true,
      "dependencies": {
        "shebang-regex": "^3.0.0"
      },
      "engines": {
        "node": ">=8"
      }
    },
    "node_modules/shebang-regex": {
      "version": "3.0.0",
      "resolved": "https://registry.npmjs.org/shebang-regex/-/shebang-regex-3.0.0.tgz",
      "dev": true,
      "engines": {
        "node": ">=8"
      }
    },
    "node_modules/which": {
      "version": "2.0.2",
      "resolved": "https://registry.npmjs.org/which/-/which-2.0.2.tgz",
      "dev": true,
      "dependencies": {
        "isexe": "^2.0.0"
      },
      "bin": {
        "node-which": "bin/node-which"
      },
      "engines": {
        "node": ">= 8"
      }
    },
    "node_modules/isexe": {
      "version": "2.0.0",
      "resolved": "https://registry.npmjs.org/isexe/-/isexe-2.0.0.tgz",
      "dev": true
    },
    "node_modules/get-stream": {
      "version": "6.0.1",
      "resolved": "https://registry.npmjs.org/get-stream/-/get-stream-6.0.1.tgz",
      "dev": true,
      "engines": {
        "node": ">=10"
      }
    },
    "node_modules/lint-staged/node_modules/get-stream": {
      "version": "8.0.1",
      "resolved": "https://registry.npmjs.org/get-stream/-/get-stream-8.0.1.tgz",
      "dev": true,
      "engines": {
        "node": ">=16"
      }
    },
    "node_modules/human-signals": {
      "version": "2.1.0",
      "resolved": "https://registry.npmjs.org/human-signals/-/human-signals-2.1.0.tgz",
      "dev": true,
      "engines": {
        "node": ">=10.17.0"
      }
    },
    "node_modules/lint-staged/node_modules/human-signals": {
      "version": "5.0.0",
      "resolved": "https://registry.npmjs.org/human-signals/-/human-signals-5.0.0.tgz",
      "dev": true,
      "engines": {
        "node": ">=16.17.0"
      }
    },
    "node_modules/is-stream": {
      "version": "2.0.1",
      "resolved": "https://registry.npmjs.org/is-stream/-/is-stream-2.0.1.tgz",
      "dev": true,
      "engines": {
        "node": ">=8"
      }
    },
    "node_modules/lint-staged/node_modules/is-stream": {
      "version": "3.0.0",
      "resolved": "https://registry.npmjs.org/is-stream/-/is-stream-3.0.0.tgz",
      "dev": true,
      "engines": {
        "node": "^12.20.0 || ^14.13.1 || >=16.0.0"
      }
    },
    "node_modules/merge-stream": {
      "version": "2.0.0",
      "resolved": "https://registry.npmjs.org/merge-stream/-/merge-stream-2.0.0.tgz",
      "dev": true
    },
    "node_modules/npm-run-path": {
      "version": "4.0.1",
      "resolved": "https://registry.npmjs.org/npm-run-path/-/npm-run-path-4.0.1.tgz",
      "dev": true,
      "dependencies": {
        "path-key": "^3.0.0"
      },
      "engines": {
        "node": ">=8"
      }
    },
    "node_modules/lint-staged/node_modules/npm-run-path": {
      "version": "5.2.0",
      "resolved": "https://registry.npmjs.org/npm-run-path/-/npm-run-path-5.2.0.tgz",
      "dev": true,
      "dependencies": {
        "path-key": "^4.0.0"
      },
      "engines": {
        "node": "^12.20.0 || ^14.13.1 || >=16.0.0"
      }
    },
    "node_modules/lint-staged/node_modules/path-key": {
      "version": "4.0.0",
      "resolved": "https://registry.npmjs.org/path-key/-/path-key-4.0.0.tgz",
      "dev": true,
      "engines": {
        "node": ">=12"
      }
    },
    "node_modules/onetime": {
      "version": "5.1.2",
      "resolved": "https://registry.npmjs.org/onetime/-/onetime-5.1.2.tgz",
      "dev": true,
      "dependencies": {
        "mimic-fn": "^2.1.0"
      },
      "engines": {
        "node": ">=6"
      }
    },
    "node_modules/lint-staged/node_modules/onetime": {
      "version": "6.0.0",
      "resolved": "https://registry.npmjs.org/onetime/-/onetime-6.0.0.tgz",
      "dev": true,
      "dependencies": {
        "mimic-fn": "^4.0.0"
      },
      "engines": {
        "node": ">=12"
      }
    },
    "node_modules/lint-staged/node_modules/mimic-fn": {
      "version": "4.0.0",
      "resolved": "https://registry.npmjs.org/mimic-fn/-/mimic-fn-4.0.0.tgz",
      "dev": true,
      "engines": {
        "node": ">=12"
      }
    },
    "node_modules/mimic-fn": {
      "version": "2.1.0",
      "resolved": "https://registry.npmjs.org/mimic-fn/-/mimic-fn-2.1.0.tgz",
      "dev": true,
      "engines": {
        "node": ">=6"
      }
    },
    "node_modules/signal-exit": {
      "version": "3.0.7",
      "resolved": "https://registry.npmjs.org/signal-exit/-/signal-exit-3.0.7.tgz",
      "dev": true
    },
    "node_modules/lint-staged/node_modules/signal-exit": {
      "version": "4.1.0",
      "resolved": "https://registry.npmjs.org/signal-exit/-/signal-exit-4.1.0.tgz",
      "dev": true,
      "engines": {
        "node": ">=14"
      }
    },
    "node_modules/strip-final-newline": {
      "version": "2.0.0",
      "resolved": "https://registry.npmjs.org/strip-final-newline/-/strip-final-newline-2.0.0.tgz",
      "dev": true,
      "engines": {
        "node": ">=6"
      }
    },
    "node_modules/lint-staged/node_modules/strip-final-newline": {
      "version": "3.0.0",
      "resolved": "https://registry.npmjs.org/strip-final-newline/-/strip-final-newline-3.0.0.tgz",
      "dev": true,
      "engines": {
        "node": ">=12"
      }
    },
    "node_modules/commander": {
      "version": "11.1.0",
      "resolved": "https://registry.npmjs.org/commander/-/commander-11.1.0.tgz",
      "dev": true,
      "engines": {
        "node": ">=16"
      }
    },
    "node_modules/debug": {
      "version": "4.3.4",
      "resolved": "https://registry.npmjs.org/debug/-/debug-4.3.4.tgz",
      "dev": true,
      "dependencies": {
        "ms": "2.1.2"
      },
      "engines": {
        "node": ">=6.0"
      }
    },
    "node_modules/ms": {
      "version": "2.1.2",
      "resolved": "https://registry.npmjs.org/ms/-/ms-2.1.2.tgz",
      "dev": true
    },
    "node_modules/lilconfig": {
      "version": "3.0.0",
      "resolved": "https://registry.npmjs.org/lilconfig/-/lilconfig-3.0.0.tgz",
      "dev": true,
      "engines": {
        "node": ">=14"
      }
    },
    "node_modules/listr2": {
      "version": "8.0.1",
      "resolved": "https://registry.npmjs.org/listr2/-/listr2-8.0.1.tgz",
      "dev": true,
      "dependencies": {
        "cli-truncate": "^4.0.0",
        "colorette": "^2.0.20",
        "eventemitter3": "^5.0.1",
        "log-update": "^6.0.0",
        "rfdc": "^1.3.0",
        "wrap-ansi": "^9.0.0"
      },
      "engines": {
        "node": ">=18.0.0"
      }
    },
    "node_modules/micromatch": {
      "version": "4.0.5",
      "resolved": "https://registry.npmjs.org/micromatch/-/micromatch-4.0.5.tgz",
      "dev": true,
      "dependencies": {
        "braces": "^3.0.2",
        "picomatch": "^2.3.1"
      },
      "engines": {
        "node": ">=8.6"
      }
    },
    "node_modules/pidtree": {
      "version": "0.6.0",
      "resolved": "https://registry.npmjs.org/pidtree/-/pidtree-0.6.0.tgz",
      "dev": true,
      "bin": {
        "pidtree": "bin/pidtree.js"
      },
      "engines": {
        "node": ">=0.10"
      }
    },
    "node_modules/string-argv": {
      "version": "0.3.2",
      "resolved": "https://registry.npmjs.org/string-argv/-/string-argv-0.3.2.tgz",
      "dev": true,
      "engines": {
        "node": ">=0.6.19"
      }
    },
    "node_modules/yaml": {
      "version": "2.3.4",
      "resolved": "https://registry.npmjs.org/yaml/-/yaml-2.3.4.tgz",
      "dev": true,
      "engines": {
        "node": ">= 14"
      }
    }
  }
}